
Microsoft Visual Studio Solution File, Format Version 12.00
# Visual Studio Version 16
VisualStudioVersion = 16.0.31313.79
MinimumVisualStudioVersion = 10.0.40219.1
Project("{FAE04EC0-301F-11D3-BF4B-00C04F79EFBC}") = "WindowsService7", "WindowsService7.csproj", "{66AB1597-C282-4FAB-BF99-62E5420B825F}"
EndProject
Global
	GlobalSection(SolutionConfigurationPlatforms) = preSolution
		Debug|Any CPU = Debug|Any CPU
		Release|Any CPU = Release|Any CPU
	EndGlobalSection
	GlobalSection(ProjectConfigurationPlatforms) = postSolution
		{66AB1597-C282-4FAB-BF99-62E5420B825F}.Debug|Any CPU.ActiveCfg = Debug|Any CPU
		{66AB1597-C282-4FAB-BF99-62E5420B825F}.Debug|Any CPU.Build.0 = Debug|Any CPU
		{66AB1597-C282-4FAB-BF99-62E5420B825F}.Release|Any CPU.ActiveCfg = Release|Any CPU
		{66AB1597-C282-4FAB-BF99-62E5420B825F}.Release|Any CPU.Build.0 = Release|Any CPU
	EndGlobalSection
	GlobalSection(SolutionProperties) = preSolution
		HideSolutionNode = FALSE
	EndGlobalSection
	GlobalSection(ExtensibilityGlobals) = postSolution
		SolutionGuid = {3AA56BB4-301B-423D-A38A-27A2C22B2F61}
	EndGlobalSection
EndGlobal
